
Microsoft Visual Studio Solution File, Format Version 12.00
# Visual Studio Version 16
VisualStudioVersion = 16.0.31129.286
MinimumVisualStudioVersion = 10.0.40219.1
Project("{FAE04EC0-301F-11D3-BF4B-00C04F79EFBC}") = "AccountBanca", "AccountBanca\AccountBanca.csproj", "{D33A4CB7-AE43-464F-A6CB-FB184024A3D6}"
EndProject
Global
	GlobalSection(SolutionConfigurationPlatforms) = preSolution
		Debug|Any CPU = Debug|Any CPU
		Release|Any CPU = Release|Any CPU
	EndGlobalSection
	GlobalSection(ProjectConfigurationPlatforms) = postSolution
		{D33A4CB7-AE43-464F-A6CB-FB184024A3D6}.Debug|Any CPU.ActiveCfg = Debug|Any CPU
		{D33A4CB7-AE43-464F-A6CB-FB184024A3D6}.Debug|Any CPU.Build.0 = Debug|Any CPU
		{D33A4CB7-AE43-464F-A6CB-FB184024A3D6}.Release|Any CPU.ActiveCfg = Release|Any CPU
		{D33A4CB7-AE43-464F-A6CB-FB184024A3D6}.Release|Any CPU.Build.0 = Release|Any CPU
	EndGlobalSection
	GlobalSection(SolutionProperties) = preSolution
		HideSolutionNode = FALSE
	EndGlobalSection
	GlobalSection(ExtensibilityGlobals) = postSolution
		SolutionGuid = {799ACB95-E2E8-4313-BD90-00FB9150651B}
	EndGlobalSection
EndGlobal
